
Microsoft Visual Studio Solution File, Format Version 12.00
# Visual Studio 15
VisualStudioVersion = 15.0.28307.1831
MinimumVisualStudioVersion = 10.0.40219.1
Project("{FAE04EC0-301F-11D3-BF4B-00C04F79EFBC}") = "Instagram_Project", "Instagram_Project\Instagram_Project.csproj", "{9A15DFEB-870F-4C4A-BB2E-94FDB7F2CF2E}"
EndProject
Global
	GlobalSection(SolutionConfigurationPlatforms) = preSolution
		Debug|Any CPU = Debug|Any CPU
		Release|Any CPU = Release|Any CPU
	EndGlobalSection
	GlobalSection(ProjectConfigurationPlatforms) = postSolution
		{9A15DFEB-870F-4C4A-BB2E-94FDB7F2CF2E}.Debug|Any CPU.ActiveCfg = Debug|Any CPU
		{9A15DFEB-870F-4C4A-BB2E-94FDB7F2CF2E}.Debug|Any CPU.Build.0 = Debug|Any CPU
		{9A15DFEB-870F-4C4A-BB2E-94FDB7F2CF2E}.Release|Any CPU.ActiveCfg = Release|Any CPU
		{9A15DFEB-870F-4C4A-BB2E-94FDB7F2CF2E}.Release|Any CPU.Build.0 = Release|Any CPU
	EndGlobalSection
	GlobalSection(SolutionProperties) = preSolution
		HideSolutionNode = FALSE
	EndGlobalSection
	GlobalSection(ExtensibilityGlobals) = postSolution
		SolutionGuid = {5284374B-EE8C-4E74-9111-5E760A2E01F0}
	EndGlobalSection
EndGlobal
